
Microsoft Visual Studio Solution File, Format Version 12.00
# Visual Studio Version 16
VisualStudioVersion = 16.0.29709.97
MinimumVisualStudioVersion = 10.0.40219.1
Project("{FAE04EC0-301F-11D3-BF4B-00C04F79EFBC}") = "ConsoleApp1", "ConsoleApp1\ConsoleApp1.csproj", "{49AC4CF7-2778-4200-B0DC-052AD722EB3E}"
EndProject
Global
	GlobalSection(SolutionConfigurationPlatforms) = preSolution
		Debug|Any CPU = Debug|Any CPU
		Release|Any CPU = Release|Any CPU
	EndGlobalSection
	GlobalSection(ProjectConfigurationPlatforms) = postSolution
		{49AC4CF7-2778-4200-B0DC-052AD722EB3E}.Debug|Any CPU.ActiveCfg = Debug|Any CPU
		{49AC4CF7-2778-4200-B0DC-052AD722EB3E}.Debug|Any CPU.Build.0 = Debug|Any CPU
		{49AC4CF7-2778-4200-B0DC-052AD722EB3E}.Release|Any CPU.ActiveCfg = Release|Any CPU
		{49AC4CF7-2778-4200-B0DC-052AD722EB3E}.Release|Any CPU.Build.0 = Release|Any CPU
	EndGlobalSection
	GlobalSection(SolutionProperties) = preSolution
		HideSolutionNode = FALSE
	EndGlobalSection
	GlobalSection(ExtensibilityGlobals) = postSolution
		SolutionGuid = {FBB06362-DAC7-4A3A-A15D-9BE12E628E4B}
	EndGlobalSection
EndGlobal
